
Microsoft Visual Studio Solution File, Format Version 12.00
# Visual Studio Version 16
VisualStudioVersion = 16.0.810.23
MinimumVisualStudioVersion = 10.0.40219.1
Project("{FAE04EC0-301F-11D3-BF4B-00C04F79EFBC}") = "TaxesApplication", "TaxesApplication\TaxesApplication.csproj", "{FA6746BD-BFB1-478E-B8B1-F0E59D77B1AD}"
EndProject
Global
	GlobalSection(SolutionConfigurationPlatforms) = preSolution
		Debug|Any CPU = Debug|Any CPU
		Release|Any CPU = Release|Any CPU
	EndGlobalSection
	GlobalSection(ProjectConfigurationPlatforms) = postSolution
		{FA6746BD-BFB1-478E-B8B1-F0E59D77B1AD}.Debug|Any CPU.ActiveCfg = Debug|Any CPU
		{FA6746BD-BFB1-478E-B8B1-F0E59D77B1AD}.Debug|Any CPU.Build.0 = Debug|Any CPU
		{FA6746BD-BFB1-478E-B8B1-F0E59D77B1AD}.Release|Any CPU.ActiveCfg = Release|Any CPU
		{FA6746BD-BFB1-478E-B8B1-F0E59D77B1AD}.Release|Any CPU.Build.0 = Release|Any CPU
	EndGlobalSection
	GlobalSection(SolutionProperties) = preSolution
		HideSolutionNode = FALSE
	EndGlobalSection
	GlobalSection(ExtensibilityGlobals) = postSolution
		SolutionGuid = {1A651519-A10F-44EF-9D3D-102531EC8762}
	EndGlobalSection
EndGlobal
